// !$*UTF8*$!
{
	archiveVersion = 1;
	classes = {
	};
	objectVersion = 56;
	objects = {

/* Begin PBXBuildFile section */
		222EAB1B28FB4AB700F1B23D /* Business_CardApp.swift in Sources */ = {isa = PBXBuildFile; fileRef = 222EAB1A28FB4AB700F1B23D /* Business_CardApp.swift */; };
		222EAB1D28FB4AB700F1B23D /* ContentView.swift in Sources */ = {isa = PBXBuildFile; fileRef = 222EAB1C28FB4AB700F1B23D /* ContentView.swift */; };
		222EAB1F28FB4AB800F1B23D /* Assets.xcassets in Resources */ = {isa = PBXBuildFile; fileRef = 222EAB1E28FB4AB800F1B23D /* Assets.xcassets */; };
		222EAB2228FB4AB800F1B23D /* Preview Assets.xcassets in Resources */ = {isa = PBXBuildFile; fileRef = 222EAB2128FB4AB800F1B23D /* Preview Assets.xcassets */; };
		222EAB2C28FB4AB800F1B23D /* Business_CardTests.swift in Sources */ = {isa = PBXBuildFile; fileRef = 222EAB2B28FB4AB800F1B23D /* Business_CardTests.swift */; };
		222EAB3628FB4AB800F1B23D /* Business_CardUITests.swift in Sources */ = {isa = PBXBuildFile; fileRef = 222EAB3528FB4AB800F1B23D /* Business_CardUITests.swift */; };
		222EAB3828FB4AB800F1B23D /* Business_CardUITestsLaunchTests.swift in Sources */ = {isa = PBXBuildFile; fileRef = 222EAB3728FB4AB800F1B23D /* Business_CardUITestsLaunchTests.swift */; };
		222EAB4628FB4ACC00F1B23D /* User.swift in Sources */ = {isa = PBXBuildFile; fileRef = 222EAB4528FB4ACC00F1B23D /* User.swift */; };
		222EAB4928FB4D4000F1B23D /* Networking.swift in Sources */ = {isa = PBXBuildFile; fileRef = 222EAB4828FB4D4000F1B23D /* Networking.swift */; };
		222EAB4B28FB522D00F1B23D /* UserViewModel.swift in Sources */ = {isa = PBXBuildFile; fileRef = 222EAB4A28FB522D00F1B23D /* UserViewModel.swift */; };
		222EAB4E28FB5D5800F1B23D /* ProjectList.swift in Sources */ = {isa = PBXBuildFile; fileRef = 222EAB4D28FB5D5800F1B23D /* ProjectList.swift */; };
/* End PBXBuildFile section */

/* Begin PBXContainerItemProxy section */
		222EAB2828FB4AB800F1B23D /* PBXContainerItemProxy */ = {
			isa = PBXContainerItemProxy;
			containerPortal = 222EAB0F28FB4AB700F1B23D /* Project object */;
			proxyType = 1;
			remoteGlobalIDString = 222EAB1628FB4AB700F1B23D;
			remoteInfo = "Business Card";
		};
		222EAB3228FB4AB800F1B23D /* PBXContainerItemProxy */ = {
			isa = PBXContainerItemProxy;
			containerPortal = 222EAB0F28FB4AB700F1B23D /* Project object */;
			proxyType = 1;
			remoteGlobalIDString = 222EAB1628FB4AB700F1B23D;
			remoteInfo = "Business Card";
		};
/* End PBXContainerItemProxy section */

/* Begin PBXFileReference section */
		222EAB1728FB4AB700F1B23D /* Business Card.app */ = {isa = PBXFileReference; explicitFileType = wrapper.application; includeInIndex = 0; path = "Business Card.app"; sourceTree = BUILT_PRODUCTS_DIR; };
		222EAB1A28FB4AB700F1B23D /* Business_CardApp.swift */ = {isa = PBXFileReference; lastKnownFileType = sourcecode.swift; path = Business_CardApp.swift; sourceTree = "<group>"; };
		222EAB1C28FB4AB700F1B23D /* ContentView.swift */ = {isa = PBXFileReference; lastKnownFileType = sourcecode.swift; path = ContentView.swift; sourceTree = "<group>"; };
		222EAB1E28FB4AB800F1B23D /* Assets.xcassets */ = {isa = PBXFileReference; lastKnownFileType = folder.assetcatalog; path = Assets.xcassets; sourceTree = "<group>"; };
		222EAB2128FB4AB800F1B23D /* Preview Assets.xcassets */ = {isa = PBXFileReference; lastKnownFileType = folder.assetcatalog; path = "Preview Assets.xcassets"; sourceTree = "<group>"; };
		222EAB2728FB4AB800F1B23D /* Business CardTests.xctest */ = {isa = PBXFileReference; explicitFileType = wrapper.cfbundle; includeInIndex = 0; path = "Business CardTests.xctest"; sourceTree = BUILT_PRODUCTS_DIR; };
		222EAB2B28FB4AB800F1B23D /* Business_CardTests.swift */ = {isa = PBXFileReference; lastKnownFileType = sourcecode.swift; path = Business_CardTests.swift; sourceTree = "<group>"; };
		222EAB3128FB4AB800F1B23D /* Business CardUITests.xctest */ = {isa = PBXFileReference; explicitFileType = wrapper.cfbundle; includeInIndex = 0; path = "Business CardUITests.xctest"; sourceTree = BUILT_PRODUCTS_DIR; };
		222EAB3528FB4AB800F1B23D /* Business_CardUITests.swift */ = {isa = PBXFileReference; lastKnownFileType = sourcecode.swift; path = Business_CardUITests.swift; sourceTree = "<group>"; };
		222EAB3728FB4AB800F1B23D /* Business_CardUITestsLaunchTests.swift */ = {isa = PBXFileReference; lastKnownFileType = sourcecode.swift; path = Business_CardUITestsLaunchTests.swift; sourceTree = "<group>"; };
		222EAB4528FB4ACC00F1B23D /* User.swift */ = {isa = PBXFileReference; lastKnownFileType = sourcecode.swift; path = User.swift; sourceTree = "<group>"; };
		222EAB4828FB4D4000F1B23D /* Networking.swift */ = {isa = PBXFileReference; lastKnownFileType = sourcecode.swift; path = Networking.swift; sourceTree = "<group>"; };
		222EAB4A28FB522D00F1B23D /* UserViewModel.swift */ = {isa = PBXFileReference; lastKnownFileType = sourcecode.swift; path = UserViewModel.swift; sourceTree = "<group>"; };
		222EAB4D28FB5D5800F1B23D /* ProjectList.swift */ = {isa = PBXFileReference; lastKnownFileType = sourcecode.swift; path = ProjectList.swift; sourceTree = "<group>"; };
/* End PBXFileReference section */

/* Begin PBXFrameworksBuildPhase section */
		222EAB1428FB4AB700F1B23D /* Frameworks */ = {
			isa = PBXFrameworksBuildPhase;
			buildActionMask = 2147483647;
			files = (
			);
			runOnlyForDeploymentPostprocessing = 0;
		};
		222EAB2428FB4AB800F1B23D /* Frameworks */ = {
			isa = PBXFrameworksBuildPhase;
			buildActionMask = 2147483647;
			files = (
			);
			runOnlyForDeploymentPostprocessing = 0;
		};
		222EAB2E28FB4AB800F1B23D /* Frameworks */ = {
			isa = PBXFrameworksBuildPhase;
			buildActionMask = 2147483647;
			files = (
			);
			runOnlyForDeploymentPostprocessing = 0;
		};
/* End PBXFrameworksBuildPhase section */

/* Begin PBXGroup section */
		222EAB0E28FB4AB700F1B23D = {
			isa = PBXGroup;
			children = (
				222EAB1928FB4AB700F1B23D /* Business Card */,
				222EAB2A28FB4AB800F1B23D /* Business CardTests */,
				222EAB3428FB4AB800F1B23D /* Business CardUITests */,
				222EAB1828FB4AB700F1B23D /* Products */,
			);
			sourceTree = "<group>";
		};
		222EAB1828FB4AB700F1B23D /* Products */ = {
			isa = PBXGroup;
			children = (
				222EAB1728FB4AB700F1B23D /* Business Card.app */,
				222EAB2728FB4AB800F1B23D /* Business CardTests.xctest */,
				222EAB3128FB4AB800F1B23D /* Business CardUITests.xctest */,
			);
			name = Products;
			sourceTree = "<group>";
		};
		222EAB1928FB4AB700F1B23D /* Business Card */ = {
			isa = PBXGroup;
			children = (
				222EAB4728FB4D3900F1B23D /* Services */,
				222EAB4428FB4ABE00F1B23D /* Models */,
				222EAB1A28FB4AB700F1B23D /* Business_CardApp.swift */,
				222EAB1C28FB4AB700F1B23D /* ContentView.swift */,
				222EAB1E28FB4AB800F1B23D /* Assets.xcassets */,
				222EAB2028FB4AB800F1B23D /* Preview Content */,
				222EAB4C28FB523100F1B23D /* View Models */,
			);
			path = "Business Card";
			sourceTree = "<group>";
		};
		222EAB2028FB4AB800F1B23D /* Preview Content */ = {
			isa = PBXGroup;
			children = (
				222EAB2128FB4AB800F1B23D /* Preview Assets.xcassets */,
			);
			path = "Preview Content";
			sourceTree = "<group>";
		};
		222EAB2A28FB4AB800F1B23D /* Business CardTests */ = {
			isa = PBXGroup;
			children = (
				222EAB2B28FB4AB800F1B23D /* Business_CardTests.swift */,
			);
			path = "Business CardTests";
			sourceTree = "<group>";
		};
		222EAB3428FB4AB800F1B23D /* Business CardUITests */ = {
			isa = PBXGroup;
			children = (
				222EAB3528FB4AB800F1B23D /* Business_CardUITests.swift */,
				222EAB3728FB4AB800F1B23D /* Business_CardUITestsLaunchTests.swift */,
			);
			path = "Business CardUITests";
			sourceTree = "<group>";
		};
		222EAB4428FB4ABE00F1B23D /* Models */ = {
			isa = PBXGroup;
			children = (
				222EAB4528FB4ACC00F1B23D /* User.swift */,
				222EAB4D28FB5D5800F1B23D /* ProjectList.swift */,
			);
			path = Models;
			sourceTree = "<group>";
		};
		222EAB4728FB4D3900F1B23D /* Services */ = {
			isa = PBXGroup;
			children = (
				222EAB4828FB4D4000F1B23D /* Networking.swift */,
			);
			path = Services;
			sourceTree = "<group>";
		};
		222EAB4C28FB523100F1B23D /* View Models */ = {
			isa = PBXGroup;
			children = (
				222EAB4A28FB522D00F1B23D /* UserViewModel.swift */,
			);
			path = "View Models";
			sourceTree = "<group>";
		};
/* End PBXGroup section */

/* Begin PBXNativeTarget section */
		222EAB1628FB4AB700F1B23D /* Business Card */ = {
			isa = PBXNativeTarget;
			buildConfigurationList = 222EAB3B28FB4AB800F1B23D /* Build configuration list for PBXNativeTarget "Business Card" */;
			buildPhases = (
				222EAB1328FB4AB700F1B23D /* Sources */,
				222EAB1428FB4AB700F1B23D /* Frameworks */,
				222EAB1528FB4AB700F1B23D /* Resources */,
			);
			buildRules = (
			);
			dependencies = (
			);
			name = "Business Card";
			productName = "Business Card";
			productReference = 222EAB1728FB4AB700F1B23D /* Business Card.app */;
			productType = "com.apple.product-type.application";
		};
		222EAB2628FB4AB800F1B23D /* Business CardTests */ = {
			isa = PBXNativeTarget;
			buildConfigurationList = 222EAB3E28FB4AB800F1B23D /* Build configuration list for PBXNativeTarget "Business CardTests" */;
			buildPhases = (
				222EAB2328FB4AB800F1B23D /* Sources */,
				222EAB2428FB4AB800F1B23D /* Frameworks */,
				222EAB2528FB4AB800F1B23D /* Resources */,
			);
			buildRules = (
			);
			dependencies = (
				222EAB2928FB4AB800F1B23D /* PBXTargetDependency */,
			);
			name = "Business CardTests";
			productName = "Business CardTests";
			productReference = 222EAB2728FB4AB800F1B23D /* Business CardTests.xctest */;
			productType = "com.apple.product-type.bundle.unit-test";
		};
		222EAB3028FB4AB800F1B23D /* Business CardUITests */ = {
			isa = PBXNativeTarget;
			buildConfigurationList = 222EAB4128FB4AB800F1B23D /* Build configuration list for PBXNativeTarget "Business CardUITests" */;
			buildPhases = (
				222EAB2D28FB4AB800F1B23D /* Sources */,
				222EAB2E28FB4AB800F1B23D /* Frameworks */,
				222EAB2F28FB4AB800F1B23D /* Resources */,
			);
			buildRules = (
			);
			dependencies = (
				222EAB3328FB4AB800F1B23D /* PBXTargetDependency */,
			);
			name = "Business CardUITests";
			productName = "Business CardUITests";
			productReference = 222EAB3128FB4AB800F1B23D /* Business CardUITests.xctest */;
			productType = "com.apple.product-type.bundle.ui-testing";
		};
/* End PBXNativeTarget section */

/* Begin PBXProject section */
		222EAB0F28FB4AB700F1B23D /* Project object */ = {
			isa = PBXProject;
			attributes = {
				BuildIndependentTargetsInParallel = 1;
				LastSwiftUpdateCheck = 1400;
				LastUpgradeCheck = 1400;
				TargetAttributes = {
					222EAB1628FB4AB700F1B23D = {
						CreatedOnToolsVersion = 14.0.1;
					};
					222EAB2628FB4AB800F1B23D = {
						CreatedOnToolsVersion = 14.0.1;
						TestTargetID = 222EAB1628FB4AB700F1B23D;
					};
					222EAB3028FB4AB800F1B23D = {
						CreatedOnToolsVersion = 14.0.1;
						TestTargetID = 222EAB1628FB4AB700F1B23D;
					};
				};
			};
			buildConfigurationList = 222EAB1228FB4AB700F1B23D /* Build configuration list for PBXProject "Business Card" */;
			compatibilityVersion = "Xcode 14.0";
			developmentRegion = en;
			hasScannedForEncodings = 0;
			knownRegions = (
				en,
				Base,
			);
			mainGroup = 222EAB0E28FB4AB700F1B23D;
			productRefGroup = 222EAB1828FB4AB700F1B23D /* Products */;
			projectDirPath = "";
			projectRoot = "";
			targets = (
				222EAB1628FB4AB700F1B23D /* Business Card */,
				222EAB2628FB4AB800F1B23D /* Business CardTests */,
				222EAB3028FB4AB800F1B23D /* Business CardUITests */,
			);
		};
/* End PBXProject section */

/* Begin PBXResourcesBuildPhase section */
		222EAB1528FB4AB700F1B23D /* Resources */ = {
			isa = PBXResourcesBuildPhase;
			buildActionMask = 2147483647;
			files = (
				222EAB2228FB4AB800F1B23D /* Preview Assets.xcassets in Resources */,
				222EAB1F28FB4AB800F1B23D /* Assets.xcassets in Resources */,
			);
			runOnlyForDeploymentPostprocessing = 0;
		};
		222EAB2528FB4AB800F1B23D /* Resources */ = {
			isa = PBXResourcesBuildPhase;
			buildActionMask = 2147483647;
			files = (
			);
			runOnlyForDeploymentPostprocessing = 0;
		};
		222EAB2F28FB4AB800F1B23D /* Resources */ = {
			isa = PBXResourcesBuildPhase;
			buildActionMask = 2147483647;
			files = (
			);
			runOnlyForDeploymentPostprocessing = 0;
		};
/* End PBXResourcesBuildPhase section */

/* Begin PBXSourcesBuildPhase section */
		222EAB1328FB4AB700F1B23D /* Sources */ = {
			isa = PBXSourcesBuildPhase;
			buildActionMask = 2147483647;
			files = (
				222EAB1D28FB4AB700F1B23D /* ContentView.swift in Sources */,
				222EAB1B28FB4AB700F1B23D /* Business_CardApp.swift in Sources */,
				222EAB4628FB4ACC00F1B23D /* User.swift in Sources */,
				222EAB4B28FB522D00F1B23D /* UserViewModel.swift in Sources */,
				222EAB4928FB4D4000F1B23D /* Networking.swift in Sources */,
				222EAB4E28FB5D5800F1B23D /* ProjectList.swift in Sources */,
			);
			runOnlyForDeploymentPostprocessing = 0;
		};
		222EAB2328FB4AB800F1B23D /* Sources */ = {
			isa = PBXSourcesBuildPhase;
			buildActionMask = 2147483647;
			files = (
				222EAB2C28FB4AB800F1B23D /* Business_CardTests.swift in Sources */,
			);
			runOnlyForDeploymentPostprocessing = 0;
		};
		222EAB2D28FB4AB800F1B23D /* Sources */ = {
			isa = PBXSourcesBuildPhase;
			buildActionMask = 2147483647;
			files = (
				222EAB3828FB4AB800F1B23D /* Business_CardUITestsLaunchTests.swift in Sources */,
				222EAB3628FB4AB800F1B23D /* Business_CardUITests.swift in Sources */,
			);
			runOnlyForDeploymentPostprocessing = 0;
		};
/* End PBXSourcesBuildPhase section */

/* Begin PBXTargetDependency section */
		222EAB2928FB4AB800F1B23D /* PBXTargetDependency */ = {
			isa = PBXTargetDependency;
			target = 222EAB1628FB4AB700F1B23D /* Business Card */;
			targetProxy = 222EAB2828FB4AB800F1B23D /* PBXContainerItemProxy */;
		};
		222EAB3328FB4AB800F1B23D /* PBXTargetDependency */ = {
			isa = PBXTargetDependency;
			target = 222EAB1628FB4AB700F1B23D /* Business Card */;
			targetProxy = 222EAB3228FB4AB800F1B23D /* PBXContainerItemProxy */;
		};
/* End PBXTargetDependency section */

/* Begin XCBuildConfiguration section */
		222EAB3928FB4AB800F1B23D /* Debug */ = {
			isa = XCBuildConfiguration;
			buildSettings = {
				ALWAYS_SEARCH_USER_PATHS = NO;
				CLANG_ANALYZER_NONNULL = YES;
				CLANG_ANALYZER_NUMBER_OBJECT_CONVERSION = YES_AGGRESSIVE;
				CLANG_CXX_LANGUAGE_STANDARD = "gnu++20";
				CLANG_ENABLE_MODULES = YES;
				CLANG_ENABLE_OBJC_ARC = YES;
				CLANG_ENABLE_OBJC_WEAK = YES;
				CLANG_WARN_BLOCK_CAPTURE_AUTORELEASING = YES;
				CLANG_WARN_BOOL_CONVERSION = YES;
				CLANG_WARN_COMMA = YES;
				CLANG_WARN_CONSTANT_CONVERSION = YES;
				CLANG_WARN_DEPRECATED_OBJC_IMPLEMENTATIONS = YES;
				CLANG_WARN_DIRECT_OBJC_ISA_USAGE = YES_ERROR;
				CLANG_WARN_DOCUMENTATION_COMMENTS = YES;
				CLANG_WARN_EMPTY_BODY = YES;
				CLANG_WARN_ENUM_CONVERSION = YES;
				CLANG_WARN_INFINITE_RECURSION = YES;
				CLANG_WARN_INT_CONVERSION = YES;
				CLANG_WARN_NON_LITERAL_NULL_CONVERSION = YES;
				CLANG_WARN_OBJC_IMPLICIT_RETAIN_SELF = YES;
				CLANG_WARN_OBJC_LITERAL_CONVERSION = YES;
				CLANG_WARN_OBJC_ROOT_CLASS = YES_ERROR;
				CLANG_WARN_QUOTED_INCLUDE_IN_FRAMEWORK_HEADER = YES;
				CLANG_WARN_RANGE_LOOP_ANALYSIS = YES;
				CLANG_WARN_STRICT_PROTOTYPES = YES;
				CLANG_WARN_SUSPICIOUS_MOVE = YES;
				CLANG_WARN_UNGUARDED_AVAILABILITY = YES_AGGRESSIVE;
				CLANG_WARN_UNREACHABLE_CODE = YES;
				CLANG_WARN__DUPLICATE_METHOD_MATCH = YES;
				COPY_PHASE_STRIP = NO;
				DEBUG_INFORMATION_FORMAT = dwarf;
				ENABLE_STRICT_OBJC_MSGSEND = YES;
				ENABLE_TESTABILITY = YES;
				GCC_C_LANGUAGE_STANDARD = gnu11;
				GCC_DYNAMIC_NO_PIC = NO;
				GCC_NO_COMMON_BLOCKS = YES;
				GCC_OPTIMIZATION_LEVEL = 0;
				GCC_PREPROCESSOR_DEFINITIONS = (
					"DEBUG=1",
					"$(inherited)",
				);
				GCC_WARN_64_TO_32_BIT_CONVERSION = YES;
				GCC_WARN_ABOUT_RETURN_TYPE = YES_ERROR;
				GCC_WARN_UNDECLARED_SELECTOR = YES;
				GCC_WARN_UNINITIALIZED_AUTOS = YES_AGGRESSIVE;
				GCC_WARN_UNUSED_FUNCTION = YES;
				GCC_WARN_UNUSED_VARIABLE = YES;
				IPHONEOS_DEPLOYMENT_TARGET = 16.0;
				MTL_ENABLE_DEBUG_INFO = INCLUDE_SOURCE;
				MTL_FAST_MATH = YES;
				ONLY_ACTIVE_ARCH = YES;
				SDKROOT = iphoneos;
				SWIFT_ACTIVE_COMPILATION_CONDITIONS = DEBUG;
				SWIFT_OPTIMIZATION_LEVEL = "-Onone";
			};
			name = Debug;
		};
		222EAB3A28FB4AB800F1B23D /* Release */ = {
			isa = XCBuildConfiguration;
			buildSettings = {
				ALWAYS_SEARCH_USER_PATHS = NO;
				CLANG_ANALYZER_NONNULL = YES;
				CLANG_ANALYZER_NUMBER_OBJECT_CONVERSION = YES_AGGRESSIVE;
				CLANG_CXX_LANGUAGE_STANDARD = "gnu++20";
				CLANG_ENABLE_MODULES = YES;
				CLANG_ENABLE_OBJC_ARC = YES;
				CLANG_ENABLE_OBJC_WEAK = YES;
				CLANG_WARN_BLOCK_CAPTURE_AUTORELEASING = YES;
				CLANG_WARN_BOOL_CONVERSION = YES;
				CLANG_WARN_COMMA = YES;
				CLANG_WARN_CONSTANT_CONVERSION = YES;
				CLANG_WARN_DEPRECATED_OBJC_IMPLEMENTATIONS = YES;
				CLANG_WARN_DIRECT_OBJC_ISA_USAGE = YES_ERROR;
				CLANG_WARN_DOCUMENTATION_COMMENTS = YES;
				CLANG_WARN_EMPTY_BODY = YES;
				CLANG_WARN_ENUM_CONVERSION = YES;
				CLANG_WARN_INFINITE_RECURSION = YES;
				CLANG_WARN_INT_CONVERSION = YES;
				CLANG_WARN_NON_LITERAL_NULL_CONVERSION = YES;
				CLANG_WARN_OBJC_IMPLICIT_RETAIN_SELF = YES;
				CLANG_WARN_OBJC_LITERAL_CONVERSION = YES;
				CLANG_WARN_OBJC_ROOT_CLASS = YES_ERROR;
				CLANG_WARN_QUOTED_INCLUDE_IN_FRAMEWORK_HEADER = YES;
				CLANG_WARN_RANGE_LOOP_ANALYSIS = YES;
				CLANG_WARN_STRICT_PROTOTYPES = YES;
				CLANG_WARN_SUSPICIOUS_MOVE = YES;
				CLANG_WARN_UNGUARDED_AVAILABILITY = YES_AGGRESSIVE;
				CLANG_WARN_UNREACHABLE_CODE = YES;
				CLANG_WARN__DUPLICATE_METHOD_MATCH = YES;
				COPY_PHASE_STRIP = NO;
				DEBUG_INFORMATION_FORMAT = "dwarf-with-dsym";
				ENABLE_NS_ASSERTIONS = NO;
				ENABLE_STRICT_OBJC_MSGSEND = YES;
				GCC_C_LANGUAGE_STANDARD = gnu11;
				GCC_NO_COMMON_BLOCKS = YES;
				GCC_WARN_64_TO_32_BIT_CONVERSION = YES;
				GCC_WARN_ABOUT_RETURN_TYPE = YES_ERROR;
				GCC_WARN_UNDECLARED_SELECTOR = YES;
				GCC_WARN_UNINITIALIZED_AUTOS = YES_AGGRESSIVE;
				GCC_WARN_UNUSED_FUNCTION = YES;
				GCC_WARN_UNUSED_VARIABLE = YES;
				IPHONEOS_DEPLOYMENT_TARGET = 16.0;
				MTL_ENABLE_DEBUG_INFO = NO;
				MTL_FAST_MATH = YES;
				SDKROOT = iphoneos;
				SWIFT_COMPILATION_MODE = wholemodule;
				SWIFT_OPTIMIZATION_LEVEL = "-O";
				VALIDATE_PRODUCT = YES;
			};
			name = Release;
		};
		222EAB3C28FB4AB800F1B23D /* Debug */ = {
			isa = XCBuildConfiguration;
			buildSettings = {
				ASSETCATALOG_COMPILER_APPICON_NAME = AppIcon;
				ASSETCATALOG_COMPILER_GLOBAL_ACCENT_COLOR_NAME = AccentColor;
				CODE_SIGN_STYLE = Automatic;
				CURRENT_PROJECT_VERSION = 1;
				DEVELOPMENT_ASSET_PATHS = "\"Business Card/Preview Content\"";
				DEVELOPMENT_TEAM = 89JNN3239D;
				ENABLE_PREVIEWS = YES;
				GENERATE_INFOPLIST_FILE = YES;
				INFOPLIST_KEY_UIApplicationSceneManifest_Generation = YES;
				INFOPLIST_KEY_UIApplicationSupportsIndirectInputEvents = YES;
				INFOPLIST_KEY_UILaunchScreen_Generation = YES;
				INFOPLIST_KEY_UISupportedInterfaceOrientations_iPad = "UIInterfaceOrientationPortrait UIInterfaceOrientationPortraitUpsideDown UIInterfaceOrientationLandscapeLeft UIInterfaceOrientationLandscapeRight";
				INFOPLIST_KEY_UISupportedInterfaceOrientations_iPhone = "UIInterfaceOrientationPortrait UIInterfaceOrientationLandscapeLeft UIInterfaceOrientationLandscapeRight";
				LD_RUNPATH_SEARCH_PATHS = (
					"$(inherited)",
					"@executable_path/Frameworks",
				);
				MARKETING_VERSION = 1.0;
				PRODUCT_BUNDLE_IDENTIFIER = "com.timbausch.Business-Card";
				PRODUCT_NAME = "$(TARGET_NAME)";
				SWIFT_EMIT_LOC_STRINGS = YES;
				SWIFT_VERSION = 5.0;
				TARGETED_DEVICE_FAMILY = "1,2";
			};
			name = Debug;
		};
		222EAB3D28FB4AB800F1B23D /* Release */ = {
			isa = XCBuildConfiguration;
			buildSettings = {
				ASSETCATALOG_COMPILER_APPICON_NAME = AppIcon;
				ASSETCATALOG_COMPILER_GLOBAL_ACCENT_COLOR_NAME = AccentColor;
				CODE_SIGN_STYLE = Automatic;
				CURRENT_PROJECT_VERSION = 1;
				DEVELOPMENT_ASSET_PATHS = "\"Business Card/Preview Content\"";
				DEVELOPMENT_TEAM = 89JNN3239D;
				ENABLE_PREVIEWS = YES;
				GENERATE_INFOPLIST_FILE = YES;
				INFOPLIST_KEY_UIApplicationSceneManifest_Generation = YES;
				INFOPLIST_KEY_UIApplicationSupportsIndirectInputEvents = YES;
				INFOPLIST_KEY_UILaunchScreen_Generation = YES;
				INFOPLIST_KEY_UISupportedInterfaceOrientations_iPad = "UIInterfaceOrientationPortrait UIInterfaceOrientationPortraitUpsideDown UIInterfaceOrientationLandscapeLeft UIInterfaceOrientationLandscapeRight";
				INFOPLIST_KEY_UISupportedInterfaceOrientations_iPhone = "UIInterfaceOrientationPortrait UIInterfaceOrientationLandscapeLeft UIInterfaceOrientationLandscapeRight";
				LD_RUNPATH_SEARCH_PATHS = (
					"$(inherited)",
					"@executable_path/Frameworks",
				);
				MARKETING_VERSION = 1.0;
				PRODUCT_BUNDLE_IDENTIFIER = "com.timbausch.Business-Card";
				PRODUCT_NAME = "$(TARGET_NAME)";
				SWIFT_EMIT_LOC_STRINGS = YES;
				SWIFT_VERSION = 5.0;
				TARGETED_DEVICE_FAMILY = "1,2";
			};
			name = Release;
		};
		222EAB3F28FB4AB800F1B23D /* Debug */ = {
			isa = XCBuildConfiguration;
			buildSettings = {
				ALWAYS_EMBED_SWIFT_STANDARD_LIBRARIES = YES;
				BUNDLE_LOADER = "$(TEST_HOST)";
				CODE_SIGN_STYLE = Automatic;
				CURRENT_PROJECT_VERSION = 1;
				DEVELOPMENT_TEAM = 89JNN3239D;
				GENERATE_INFOPLIST_FILE = YES;
				IPHONEOS_DEPLOYMENT_TARGET = 16.0;
				MARKETING_VERSION = 1.0;
				PRODUCT_BUNDLE_IDENTIFIER = "com.timbausch.Business-CardTests";
				PRODUCT_NAME = "$(TARGET_NAME)";
				SWIFT_EMIT_LOC_STRINGS = NO;
				SWIFT_VERSION = 5.0;
				TARGETED_DEVICE_FAMILY = "1,2";
				TEST_HOST = "$(BUILT_PRODUCTS_DIR)/Business Card.app/$(BUNDLE_EXECUTABLE_FOLDER_PATH)/Business Card";
			};
			name = Debug;
		};
		222EAB4028FB4AB800F1B23D /* Release */ = {
			isa = XCBuildConfiguration;
			buildSettings = {
				ALWAYS_EMBED_SWIFT_STANDARD_LIBRARIES = YES;
				BUNDLE_LOADER = "$(TEST_HOST)";
				CODE_SIGN_STYLE = Automatic;
				CURRENT_PROJECT_VERSION = 1;
				DEVELOPMENT_TEAM = 89JNN3239D;
				GENERATE_INFOPLIST_FILE = YES;
				IPHONEOS_DEPLOYMENT_TARGET = 16.0;
				MARKETING_VERSION = 1.0;
				PRODUCT_BUNDLE_IDENTIFIER = "com.timbausch.Business-CardTests";
				PRODUCT_NAME = "$(TARGET_NAME)";
				SWIFT_EMIT_LOC_STRINGS = NO;
				SWIFT_VERSION = 5.0;
				TARGETED_DEVICE_FAMILY = "1,2";
				TEST_HOST = "$(BUILT_PRODUCTS_DIR)/Business Card.app/$(BUNDLE_EXECUTABLE_FOLDER_PATH)/Business Card";
			};
			name = Release;
		};
		222EAB4228FB4AB800F1B23D /* Debug */ = {
			isa = XCBuildConfiguration;
			buildSettings = {
				ALWAYS_EMBED_SWIFT_STANDARD_LIBRARIES = YES;
				CODE_SIGN_STYLE = Automatic;
				CURRENT_PROJECT_VERSION = 1;
				DEVELOPMENT_TEAM = 89JNN3239D;
				GENERATE_INFOPLIST_FILE = YES;
				MARKETING_VERSION = 1.0;
				PRODUCT_BUNDLE_IDENTIFIER = "com.timbausch.Business-CardUITests";
				PRODUCT_NAME = "$(TARGET_NAME)";
				SWIFT_EMIT_LOC_STRINGS = NO;
				SWIFT_VERSION = 5.0;
				TARGETED_DEVICE_FAMILY = "1,2";
				TEST_TARGET_NAME = "Business Card";
			};
			name = Debug;
		};
		222EAB4328FB4AB800F1B23D /* Release */ = {
			isa = XCBuildConfiguration;
			buildSettings = {
				ALWAYS_EMBED_SWIFT_STANDARD_LIBRARIES = YES;
				CODE_SIGN_STYLE = Automatic;
				CURRENT_PROJECT_VERSION = 1;
				DEVELOPMENT_TEAM = 89JNN3239D;
				GENERATE_INFOPLIST_FILE = YES;
				MARKETING_VERSION = 1.0;
				PRODUCT_BUNDLE_IDENTIFIER = "com.timbausch.Business-CardUITests";
				PRODUCT_NAME = "$(TARGET_NAME)";
				SWIFT_EMIT_LOC_STRINGS = NO;
				SWIFT_VERSION = 5.0;
				TARGETED_DEVICE_FAMILY = "1,2";
				TEST_TARGET_NAME = "Business Card";
			};
			name = Release;
		};
/* End XCBuildConfiguration section */

/* Begin XCConfigurationList section */
		222EAB1228FB4AB700F1B23D /* Build configuration list for PBXProject "Business Card" */ = {
			isa = XCConfigurationList;
			buildConfigurations = (
				222EAB3928FB4AB800F1B23D /* Debug */,
				222EAB3A28FB4AB800F1B23D /* Release */,
			);
			defaultConfigurationIsVisible = 0;
			defaultConfigurationName = Release;
		};
		222EAB3B28FB4AB800F1B23D /* Build configuration list for PBXNativeTarget "Business Card" */ = {
			isa = XCConfigurationList;
			buildConfigurations = (
				222EAB3C28FB4AB800F1B23D /* Debug */,
				222EAB3D28FB4AB800F1B23D /* Release */,
			);
			defaultConfigurationIsVisible = 0;
			defaultConfigurationName = Release;
		};
		222EAB3E28FB4AB800F1B23D /* Build configuration list for PBXNativeTarget "Business CardTests" */ = {
			isa = XCConfigurationList;
			buildConfigurations = (
				222EAB3F28FB4AB800F1B23D /* Debug */,
				222EAB4028FB4AB800F1B23D /* Release */,
			);
			defaultConfigurationIsVisible = 0;
			defaultConfigurationName = Release;
		};
		222EAB4128FB4AB800F1B23D /* Build configuration list for PBXNativeTarget "Business CardUITests" */ = {
			isa = XCConfigurationList;
			buildConfigurations = (
				222EAB4228FB4AB800F1B23D /* Debug */,
				222EAB4328FB4AB800F1B23D /* Release */,
			);
			defaultConfigurationIsVisible = 0;
			defaultConfigurationName = Release;
		};
/* End XCConfigurationList section */
	};
	rootObject = 222EAB0F28FB4AB700F1B23D /* Project object */;
}
